
Microsoft Visual Studio Solution File, Format Version 12.00
# Visual Studio 15
Project("{FAE04EC0-301F-11D3-BF4B-00C04F79EFBC}") = "App11", "App11\App11.csproj", "{36035A41-0261-4FF6-9F6B-35D25BD4D9A0}"
EndProject
Global
	GlobalSection(SolutionConfigurationPlatforms) = preSolution
		Debug|iPhoneSimulator = Debug|iPhoneSimulator
		Release|iPhone = Release|iPhone
		Release|iPhoneSimulator = Release|iPhoneSimulator
		Debug|iPhone = Debug|iPhone
	EndGlobalSection
	GlobalSection(ProjectConfigurationPlatforms) = postSolution
		{36035A41-0261-4FF6-9F6B-35D25BD4D9A0}.Debug|iPhoneSimulator.ActiveCfg = Debug|iPhoneSimulator
		{36035A41-0261-4FF6-9F6B-35D25BD4D9A0}.Debug|iPhoneSimulator.Build.0 = Debug|iPhoneSimulator
		{36035A41-0261-4FF6-9F6B-35D25BD4D9A0}.Release|iPhone.ActiveCfg = Release|iPhone
		{36035A41-0261-4FF6-9F6B-35D25BD4D9A0}.Release|iPhone.Build.0 = Release|iPhone
		{36035A41-0261-4FF6-9F6B-35D25BD4D9A0}.Release|iPhoneSimulator.ActiveCfg = Release|iPhoneSimulator
		{36035A41-0261-4FF6-9F6B-35D25BD4D9A0}.Release|iPhoneSimulator.Build.0 = Release|iPhoneSimulator
		{36035A41-0261-4FF6-9F6B-35D25BD4D9A0}.Debug|iPhone.ActiveCfg = Debug|iPhone
		{36035A41-0261-4FF6-9F6B-35D25BD4D9A0}.Debug|iPhone.Build.0 = Debug|iPhone
	EndGlobalSection
EndGlobal
