// !$*UTF8*$!
{
	archiveVersion = 1;
	classes = {
	};
	objectVersion = 50;
	objects = {

/* Begin PBXBuildFile section */
		FC6E6697233B353700B78C75 /* AppDelegate.swift in Sources */ = {isa = PBXBuildFile; fileRef = FC6E6696233B353700B78C75 /* AppDelegate.swift */; };
		FC6E6699233B353700B78C75 /* SceneDelegate.swift in Sources */ = {isa = PBXBuildFile; fileRef = FC6E6698233B353700B78C75 /* SceneDelegate.swift */; };
		FC6E669B233B353700B78C75 /* ViewController.swift in Sources */ = {isa = PBXBuildFile; fileRef = FC6E669A233B353700B78C75 /* ViewController.swift */; };
		FC6E669E233B353700B78C75 /* Main.storyboard in Resources */ = {isa = PBXBuildFile; fileRef = FC6E669C233B353700B78C75 /* Main.storyboard */; };
		FC6E66A0233B353800B78C75 /* Assets.xcassets in Resources */ = {isa = PBXBuildFile; fileRef = FC6E669F233B353800B78C75 /* Assets.xcassets */; };
		FC6E66A3233B353800B78C75 /* LaunchScreen.storyboard in Resources */ = {isa = PBXBuildFile; fileRef = FC6E66A1233B353800B78C75 /* LaunchScreen.storyboard */; };
/* End PBXBuildFile section */

/* Begin PBXFileReference section */
		FC6E6693233B353700B78C75 /* appChangeTheme.app */ = {isa = PBXFileReference; explicitFileType = wrapper.application; includeInIndex = 0; path = appChangeTheme.app; sourceTree = BUILT_PRODUCTS_DIR; };
		FC6E6696233B353700B78C75 /* AppDelegate.swift */ = {isa = PBXFileReference; lastKnownFileType = sourcecode.swift; path = AppDelegate.swift; sourceTree = "<group>"; };
		FC6E6698233B353700B78C75 /* SceneDelegate.swift */ = {isa = PBXFileReference; lastKnownFileType = sourcecode.swift; path = SceneDelegate.swift; sourceTree = "<group>"; };
		FC6E669A233B353700B78C75 /* ViewController.swift */ = {isa = PBXFileReference; lastKnownFileType = sourcecode.swift; path = ViewController.swift; sourceTree = "<group>"; };
		FC6E669D233B353700B78C75 /* Base */ = {isa = PBXFileReference; lastKnownFileType = file.storyboard; name = Base; path = Base.lproj/Main.storyboard; sourceTree = "<group>"; };
		FC6E669F233B353800B78C75 /* Assets.xcassets */ = {isa = PBXFileReference; lastKnownFileType = folder.assetcatalog; path = Assets.xcassets; sourceTree = "<group>"; };
		FC6E66A2233B353800B78C75 /* Base */ = {isa = PBXFileReference; lastKnownFileType = file.storyboard; name = Base; path = Base.lproj/LaunchScreen.storyboard; sourceTree = "<group>"; };
		FC6E66A4233B353800B78C75 /* Info.plist */ = {isa = PBXFileReference; lastKnownFileType = text.plist.xml; path = Info.plist; sourceTree = "<group>"; };
/* End PBXFileReference section */

/* Begin PBXFrameworksBuildPhase section */
		FC6E6690233B353700B78C75 /* Frameworks */ = {
			isa = PBXFrameworksBuildPhase;
			buildActionMask = 2147483647;
			files = (
			);
			runOnlyForDeploymentPostprocessing = 0;
		};
/* End PBXFrameworksBuildPhase section */

/* Begin PBXGroup section */
		FC6E668A233B353700B78C75 = {
			isa = PBXGroup;
			children = (
				FC6E6695233B353700B78C75 /* appChangeTheme */,
				FC6E6694233B353700B78C75 /* Products */,
			);
			sourceTree = "<group>";
		};
		FC6E6694233B353700B78C75 /* Products */ = {
			isa = PBXGroup;
			children = (
				FC6E6693233B353700B78C75 /* appChangeTheme.app */,
			);
			name = Products;
			sourceTree = "<group>";
		};
		FC6E6695233B353700B78C75 /* appChangeTheme */ = {
			isa = PBXGroup;
			children = (
				FC6E6696233B353700B78C75 /* AppDelegate.swift */,
				FC6E6698233B353700B78C75 /* SceneDelegate.swift */,
				FC6E669A233B353700B78C75 /* ViewController.swift */,
				FC6E669C233B353700B78C75 /* Main.storyboard */,
				FC6E669F233B353800B78C75 /* Assets.xcassets */,
				FC6E66A1233B353800B78C75 /* LaunchScreen.storyboard */,
				FC6E66A4233B353800B78C75 /* Info.plist */,
			);
			path = appChangeTheme;
			sourceTree = "<group>";
		};
/* End PBXGroup section */

/* Begin PBXNativeTarget section */
		FC6E6692233B353700B78C75 /* appChangeTheme */ = {
			isa = PBXNativeTarget;
			buildConfigurationList = FC6E66A7233B353800B78C75 /* Build configuration list for PBXNativeTarget "appChangeTheme" */;
			buildPhases = (
				FC6E668F233B353700B78C75 /* Sources */,
				FC6E6690233B353700B78C75 /* Frameworks */,
				FC6E6691233B353700B78C75 /* Resources */,
			);
			buildRules = (
			);
			dependencies = (
			);
			name = appChangeTheme;
			productName = appChangeTheme;
			productReference = FC6E6693233B353700B78C75 /* appChangeTheme.app */;
			productType = "com.apple.product-type.application";
		};
/* End PBXNativeTarget section */

/* Begin PBXProject section */
		FC6E668B233B353700B78C75 /* Project object */ = {
			isa = PBXProject;
			attributes = {
				LastSwiftUpdateCheck = 1100;
				LastUpgradeCheck = 1100;
				ORGANIZATIONNAME = "Felipe Hernandez";
				TargetAttributes = {
					FC6E6692233B353700B78C75 = {
						CreatedOnToolsVersion = 11.0;
					};
				};
			};
			buildConfigurationList = FC6E668E233B353700B78C75 /* Build configuration list for PBXProject "appChangeTheme" */;
			compatibilityVersion = "Xcode 9.3";
			developmentRegion = en;
			hasScannedForEncodings = 0;
			knownRegions = (
				en,
				Base,
			);
			mainGroup = FC6E668A233B353700B78C75;
			productRefGroup = FC6E6694233B353700B78C75 /* Products */;
			projectDirPath = "";
			projectRoot = "";
			targets = (
				FC6E6692233B353700B78C75 /* appChangeTheme */,
			);
		};
/* End PBXProject section */

/* Begin PBXResourcesBuildPhase section */
		FC6E6691233B353700B78C75 /* Resources */ = {
			isa = PBXResourcesBuildPhase;
			buildActionMask = 2147483647;
			files = (
				FC6E66A3233B353800B78C75 /* LaunchScreen.storyboard in Resources */,
				FC6E66A0233B353800B78C75 /* Assets.xcassets in Resources */,
				FC6E669E233B353700B78C75 /* Main.storyboard in Resources */,
			);
			runOnlyForDeploymentPostprocessing = 0;
		};
/* End PBXResourcesBuildPhase section */

/* Begin PBXSourcesBuildPhase section */
		FC6E668F233B353700B78C75 /* Sources */ = {
			isa = PBXSourcesBuildPhase;
			buildActionMask = 2147483647;
			files = (
				FC6E669B233B353700B78C75 /* ViewController.swift in Sources */,
				FC6E6697233B353700B78C75 /* AppDelegate.swift in Sources */,
				FC6E6699233B353700B78C75 /* SceneDelegate.swift in Sources */,
			);
			runOnlyForDeploymentPostprocessing = 0;
		};
/* End PBXSourcesBuildPhase section */

/* Begin PBXVariantGroup section */
		FC6E669C233B353700B78C75 /* Main.storyboard */ = {
			isa = PBXVariantGroup;
			children = (
				FC6E669D233B353700B78C75 /* Base */,
			);
			name = Main.storyboard;
			sourceTree = "<group>";
		};
		FC6E66A1233B353800B78C75 /* LaunchScreen.storyboard */ = {
			isa = PBXVariantGroup;
			children = (
				FC6E66A2233B353800B78C75 /* Base */,
			);
			name = LaunchScreen.storyboard;
			sourceTree = "<group>";
		};
/* End PBXVariantGroup section */

/* Begin XCBuildConfiguration section */
		FC6E66A5233B353800B78C75 /* Debug */ = {
			isa = XCBuildConfiguration;
			buildSettings = {
				ALWAYS_SEARCH_USER_PATHS = NO;
				CLANG_ANALYZER_NONNULL = YES;
				CLANG_ANALYZER_NUMBER_OBJECT_CONVERSION = YES_AGGRESSIVE;
				CLANG_CXX_LANGUAGE_STANDARD = "gnu++14";
				CLANG_CXX_LIBRARY = "libc++";
				CLANG_ENABLE_MODULES = YES;
				CLANG_ENABLE_OBJC_ARC = YES;
				CLANG_ENABLE_OBJC_WEAK = YES;
				CLANG_WARN_BLOCK_CAPTURE_AUTORELEASING = YES;
				CLANG_WARN_BOOL_CONVERSION = YES;
				CLANG_WARN_COMMA = YES;
				CLANG_WARN_CONSTANT_CONVERSION = YES;
				CLANG_WARN_DEPRECATED_OBJC_IMPLEMENTATIONS = YES;
				CLANG_WARN_DIRECT_OBJC_ISA_USAGE = YES_ERROR;
				CLANG_WARN_DOCUMENTATION_COMMENTS = YES;
				CLANG_WARN_EMPTY_BODY = YES;
				CLANG_WARN_ENUM_CONVERSION = YES;
				CLANG_WARN_INFINITE_RECURSION = YES;
				CLANG_WARN_INT_CONVERSION = YES;
				CLANG_WARN_NON_LITERAL_NULL_CONVERSION = YES;
				CLANG_WARN_OBJC_IMPLICIT_RETAIN_SELF = YES;
				CLANG_WARN_OBJC_LITERAL_CONVERSION = YES;
				CLANG_WARN_OBJC_ROOT_CLASS = YES_ERROR;
				CLANG_WARN_RANGE_LOOP_ANALYSIS = YES;
				CLANG_WARN_STRICT_PROTOTYPES = YES;
				CLANG_WARN_SUSPICIOUS_MOVE = YES;
				CLANG_WARN_UNGUARDED_AVAILABILITY = YES_AGGRESSIVE;
				CLANG_WARN_UNREACHABLE_CODE = YES;
				CLANG_WARN__DUPLICATE_METHOD_MATCH = YES;
				COPY_PHASE_STRIP = NO;
				DEBUG_INFORMATION_FORMAT = dwarf;
				ENABLE_STRICT_OBJC_MSGSEND = YES;
				ENABLE_TESTABILITY = YES;
				GCC_C_LANGUAGE_STANDARD = gnu11;
				GCC_DYNAMIC_NO_PIC = NO;
				GCC_NO_COMMON_BLOCKS = YES;
				GCC_OPTIMIZATION_LEVEL = 0;
				GCC_PREPROCESSOR_DEFINITIONS = (
					"DEBUG=1",
					"$(inherited)",
				);
				GCC_WARN_64_TO_32_BIT_CONVERSION = YES;
				GCC_WARN_ABOUT_RETURN_TYPE = YES_ERROR;
				GCC_WARN_UNDECLARED_SELECTOR = YES;
				GCC_WARN_UNINITIALIZED_AUTOS = YES_AGGRESSIVE;
				GCC_WARN_UNUSED_FUNCTION = YES;
				GCC_WARN_UNUSED_VARIABLE = YES;
				IPHONEOS_DEPLOYMENT_TARGET = 13.0;
				MTL_ENABLE_DEBUG_INFO = INCLUDE_SOURCE;
				MTL_FAST_MATH = YES;
				ONLY_ACTIVE_ARCH = YES;
				SDKROOT = iphoneos;
				SWIFT_ACTIVE_COMPILATION_CONDITIONS = DEBUG;
				SWIFT_OPTIMIZATION_LEVEL = "-Onone";
			};
			name = Debug;
		};
		FC6E66A6233B353800B78C75 /* Release */ = {
			isa = XCBuildConfiguration;
			buildSettings = {
				ALWAYS_SEARCH_USER_PATHS = NO;
				CLANG_ANALYZER_NONNULL = YES;
				CLANG_ANALYZER_NUMBER_OBJECT_CONVERSION = YES_AGGRESSIVE;
				CLANG_CXX_LANGUAGE_STANDARD = "gnu++14";
				CLANG_CXX_LIBRARY = "libc++";
				CLANG_ENABLE_MODULES = YES;
				CLANG_ENABLE_OBJC_ARC = YES;
				CLANG_ENABLE_OBJC_WEAK = YES;
				CLANG_WARN_BLOCK_CAPTURE_AUTORELEASING = YES;
				CLANG_WARN_BOOL_CONVERSION = YES;
				CLANG_WARN_COMMA = YES;
				CLANG_WARN_CONSTANT_CONVERSION = YES;
				CLANG_WARN_DEPRECATED_OBJC_IMPLEMENTATIONS = YES;
				CLANG_WARN_DIRECT_OBJC_ISA_USAGE = YES_ERROR;
				CLANG_WARN_DOCUMENTATION_COMMENTS = YES;
				CLANG_WARN_EMPTY_BODY = YES;
				CLANG_WARN_ENUM_CONVERSION = YES;
				CLANG_WARN_INFINITE_RECURSION = YES;
				CLANG_WARN_INT_CONVERSION = YES;
				CLANG_WARN_NON_LITERAL_NULL_CONVERSION = YES;
				CLANG_WARN_OBJC_IMPLICIT_RETAIN_SELF = YES;
				CLANG_WARN_OBJC_LITERAL_CONVERSION = YES;
				CLANG_WARN_OBJC_ROOT_CLASS = YES_ERROR;
				CLANG_WARN_RANGE_LOOP_ANALYSIS = YES;
				CLANG_WARN_STRICT_PROTOTYPES = YES;
				CLANG_WARN_SUSPICIOUS_MOVE = YES;
				CLANG_WARN_UNGUARDED_AVAILABILITY = YES_AGGRESSIVE;
				CLANG_WARN_UNREACHABLE_CODE = YES;
				CLANG_WARN__DUPLICATE_METHOD_MATCH = YES;
				COPY_PHASE_STRIP = NO;
				DEBUG_INFORMATION_FORMAT = "dwarf-with-dsym";
				ENABLE_NS_ASSERTIONS = NO;
				ENABLE_STRICT_OBJC_MSGSEND = YES;
				GCC_C_LANGUAGE_STANDARD = gnu11;
				GCC_NO_COMMON_BLOCKS = YES;
				GCC_WARN_64_TO_32_BIT_CONVERSION = YES;
				GCC_WARN_ABOUT_RETURN_TYPE = YES_ERROR;
				GCC_WARN_UNDECLARED_SELECTOR = YES;
				GCC_WARN_UNINITIALIZED_AUTOS = YES_AGGRESSIVE;
				GCC_WARN_UNUSED_FUNCTION = YES;
				GCC_WARN_UNUSED_VARIABLE = YES;
				IPHONEOS_DEPLOYMENT_TARGET = 13.0;
				MTL_ENABLE_DEBUG_INFO = NO;
				MTL_FAST_MATH = YES;
				SDKROOT = iphoneos;
				SWIFT_COMPILATION_MODE = wholemodule;
				SWIFT_OPTIMIZATION_LEVEL = "-O";
				VALIDATE_PRODUCT = YES;
			};
			name = Release;
		};
		FC6E66A8233B353800B78C75 /* Debug */ = {
			isa = XCBuildConfiguration;
			buildSettings = {
				ASSETCATALOG_COMPILER_APPICON_NAME = AppIcon;
				CODE_SIGN_STYLE = Automatic;
				DEVELOPMENT_TEAM = A9YS5YC86D;
				INFOPLIST_FILE = appChangeTheme/Info.plist;
				LD_RUNPATH_SEARCH_PATHS = (
					"$(inherited)",
					"@executable_path/Frameworks",
				);
				PRODUCT_BUNDLE_IDENTIFIER = com.curso.appChangeTheme;
				PRODUCT_NAME = "$(TARGET_NAME)";
				SWIFT_VERSION = 5.0;
				TARGETED_DEVICE_FAMILY = "1,2";
			};
			name = Debug;
		};
		FC6E66A9233B353800B78C75 /* Release */ = {
			isa = XCBuildConfiguration;
			buildSettings = {
				ASSETCATALOG_COMPILER_APPICON_NAME = AppIcon;
				CODE_SIGN_STYLE = Automatic;
				DEVELOPMENT_TEAM = A9YS5YC86D;
				INFOPLIST_FILE = appChangeTheme/Info.plist;
				LD_RUNPATH_SEARCH_PATHS = (
					"$(inherited)",
					"@executable_path/Frameworks",
				);
				PRODUCT_BUNDLE_IDENTIFIER = com.curso.appChangeTheme;
				PRODUCT_NAME = "$(TARGET_NAME)";
				SWIFT_VERSION = 5.0;
				TARGETED_DEVICE_FAMILY = "1,2";
			};
			name = Release;
		};
/* End XCBuildConfiguration section */

/* Begin XCConfigurationList section */
		FC6E668E233B353700B78C75 /* Build configuration list for PBXProject "appChangeTheme" */ = {
			isa = XCConfigurationList;
			buildConfigurations = (
				FC6E66A5233B353800B78C75 /* Debug */,
				FC6E66A6233B353800B78C75 /* Release */,
			);
			defaultConfigurationIsVisible = 0;
			defaultConfigurationName = Release;
		};
		FC6E66A7233B353800B78C75 /* Build configuration list for PBXNativeTarget "appChangeTheme" */ = {
			isa = XCConfigurationList;
			buildConfigurations = (
				FC6E66A8233B353800B78C75 /* Debug */,
				FC6E66A9233B353800B78C75 /* Release */,
			);
			defaultConfigurationIsVisible = 0;
			defaultConfigurationName = Release;
		};
/* End XCConfigurationList section */
	};
	rootObject = FC6E668B233B353700B78C75 /* Project object */;
}
