
Microsoft Visual Studio Solution File, Format Version 12.00
# Visual Studio 15
Project("{FAE04EC0-301F-11D3-BF4B-00C04F79EFBC}") = "App5", "App5\App5.csproj", "{0BEA44D2-50B8-488D-97FE-2A796CC8B932}"
EndProject
Global
	GlobalSection(SolutionConfigurationPlatforms) = preSolution
		Debug|iPhoneSimulator = Debug|iPhoneSimulator
		Release|iPhone = Release|iPhone
		Release|iPhoneSimulator = Release|iPhoneSimulator
		Debug|iPhone = Debug|iPhone
	EndGlobalSection
	GlobalSection(ProjectConfigurationPlatforms) = postSolution
		{0BEA44D2-50B8-488D-97FE-2A796CC8B932}.Debug|iPhoneSimulator.ActiveCfg = Debug|iPhoneSimulator
		{0BEA44D2-50B8-488D-97FE-2A796CC8B932}.Debug|iPhoneSimulator.Build.0 = Debug|iPhoneSimulator
		{0BEA44D2-50B8-488D-97FE-2A796CC8B932}.Release|iPhone.ActiveCfg = Release|iPhone
		{0BEA44D2-50B8-488D-97FE-2A796CC8B932}.Release|iPhone.Build.0 = Release|iPhone
		{0BEA44D2-50B8-488D-97FE-2A796CC8B932}.Release|iPhoneSimulator.ActiveCfg = Release|iPhoneSimulator
		{0BEA44D2-50B8-488D-97FE-2A796CC8B932}.Release|iPhoneSimulator.Build.0 = Release|iPhoneSimulator
		{0BEA44D2-50B8-488D-97FE-2A796CC8B932}.Debug|iPhone.ActiveCfg = Debug|iPhone
		{0BEA44D2-50B8-488D-97FE-2A796CC8B932}.Debug|iPhone.Build.0 = Debug|iPhone
	EndGlobalSection
EndGlobal
