// !$*UTF8*$!
{
	archiveVersion = 1;
	classes = {
	};
	objectVersion = 46;
	objects = {

/* Begin PBXBuildFile section */
		DF49C16A1DCE95040059C40B /* AppDelegate.swift in Sources */ = {isa = PBXBuildFile; fileRef = DF49C1691DCE95040059C40B /* AppDelegate.swift */; };
		DF49C16C1DCE95040059C40B /* ViewController.swift in Sources */ = {isa = PBXBuildFile; fileRef = DF49C16B1DCE95040059C40B /* ViewController.swift */; };
		DF49C1711DCE95040059C40B /* Assets.xcassets in Resources */ = {isa = PBXBuildFile; fileRef = DF49C1701DCE95040059C40B /* Assets.xcassets */; };
		DF49C1741DCE95040059C40B /* LaunchScreen.storyboard in Resources */ = {isa = PBXBuildFile; fileRef = DF49C1721DCE95040059C40B /* LaunchScreen.storyboard */; };
		DF49C17F1DCE95040059C40B /* ImagePickerDemoUITests.swift in Sources */ = {isa = PBXBuildFile; fileRef = DF49C17E1DCE95040059C40B /* ImagePickerDemoUITests.swift */; };
/* End PBXBuildFile section */

/* Begin PBXContainerItemProxy section */
		DF49C17B1DCE95040059C40B /* PBXContainerItemProxy */ = {
			isa = PBXContainerItemProxy;
			containerPortal = DF49C15E1DCE95040059C40B /* Project object */;
			proxyType = 1;
			remoteGlobalIDString = DF49C1651DCE95040059C40B;
			remoteInfo = ImagePickerDemo;
		};
/* End PBXContainerItemProxy section */

/* Begin PBXFileReference section */
		DF49C1661DCE95040059C40B /* ImagePickerDemo.app */ = {isa = PBXFileReference; explicitFileType = wrapper.application; includeInIndex = 0; path = ImagePickerDemo.app; sourceTree = BUILT_PRODUCTS_DIR; };
		DF49C1691DCE95040059C40B /* AppDelegate.swift */ = {isa = PBXFileReference; lastKnownFileType = sourcecode.swift; path = AppDelegate.swift; sourceTree = "<group>"; };
		DF49C16B1DCE95040059C40B /* ViewController.swift */ = {isa = PBXFileReference; lastKnownFileType = sourcecode.swift; path = ViewController.swift; sourceTree = "<group>"; };
		DF49C1701DCE95040059C40B /* Assets.xcassets */ = {isa = PBXFileReference; lastKnownFileType = folder.assetcatalog; path = Assets.xcassets; sourceTree = "<group>"; };
		DF49C1731DCE95040059C40B /* Base */ = {isa = PBXFileReference; lastKnownFileType = file.storyboard; name = Base; path = Base.lproj/LaunchScreen.storyboard; sourceTree = "<group>"; };
		DF49C1751DCE95040059C40B /* Info.plist */ = {isa = PBXFileReference; lastKnownFileType = text.plist.xml; path = Info.plist; sourceTree = "<group>"; };
		DF49C17A1DCE95040059C40B /* ImagePickerDemoUITests.xctest */ = {isa = PBXFileReference; explicitFileType = wrapper.cfbundle; includeInIndex = 0; path = ImagePickerDemoUITests.xctest; sourceTree = BUILT_PRODUCTS_DIR; };
		DF49C17E1DCE95040059C40B /* ImagePickerDemoUITests.swift */ = {isa = PBXFileReference; lastKnownFileType = sourcecode.swift; path = ImagePickerDemoUITests.swift; sourceTree = "<group>"; };
		DF49C1801DCE95040059C40B /* Info.plist */ = {isa = PBXFileReference; lastKnownFileType = text.plist.xml; path = Info.plist; sourceTree = "<group>"; };
/* End PBXFileReference section */

/* Begin PBXFrameworksBuildPhase section */
		DF49C1631DCE95040059C40B /* Frameworks */ = {
			isa = PBXFrameworksBuildPhase;
			buildActionMask = 2147483647;
			files = (
			);
			runOnlyForDeploymentPostprocessing = 0;
		};
		DF49C1771DCE95040059C40B /* Frameworks */ = {
			isa = PBXFrameworksBuildPhase;
			buildActionMask = 2147483647;
			files = (
			);
			runOnlyForDeploymentPostprocessing = 0;
		};
/* End PBXFrameworksBuildPhase section */

/* Begin PBXGroup section */
		DF49C15D1DCE95040059C40B = {
			isa = PBXGroup;
			children = (
				DF49C1681DCE95040059C40B /* ImagePickerDemo */,
				DF49C17D1DCE95040059C40B /* ImagePickerDemoUITests */,
				DF49C1671DCE95040059C40B /* Products */,
			);
			sourceTree = "<group>";
		};
		DF49C1671DCE95040059C40B /* Products */ = {
			isa = PBXGroup;
			children = (
				DF49C1661DCE95040059C40B /* ImagePickerDemo.app */,
				DF49C17A1DCE95040059C40B /* ImagePickerDemoUITests.xctest */,
			);
			name = Products;
			sourceTree = "<group>";
		};
		DF49C1681DCE95040059C40B /* ImagePickerDemo */ = {
			isa = PBXGroup;
			children = (
				DF49C1691DCE95040059C40B /* AppDelegate.swift */,
				DF49C16B1DCE95040059C40B /* ViewController.swift */,
				DF49C1701DCE95040059C40B /* Assets.xcassets */,
				DF49C1721DCE95040059C40B /* LaunchScreen.storyboard */,
				DF49C1751DCE95040059C40B /* Info.plist */,
			);
			path = ImagePickerDemo;
			sourceTree = "<group>";
		};
		DF49C17D1DCE95040059C40B /* ImagePickerDemoUITests */ = {
			isa = PBXGroup;
			children = (
				DF49C17E1DCE95040059C40B /* ImagePickerDemoUITests.swift */,
				DF49C1801DCE95040059C40B /* Info.plist */,
			);
			path = ImagePickerDemoUITests;
			sourceTree = "<group>";
		};
/* End PBXGroup section */

/* Begin PBXNativeTarget section */
		DF49C1651DCE95040059C40B /* ImagePickerDemo */ = {
			isa = PBXNativeTarget;
			buildConfigurationList = DF49C1831DCE95040059C40B /* Build configuration list for PBXNativeTarget "ImagePickerDemo" */;
			buildPhases = (
				DF49C1621DCE95040059C40B /* Sources */,
				DF49C1631DCE95040059C40B /* Frameworks */,
				DF49C1641DCE95040059C40B /* Resources */,
			);
			buildRules = (
			);
			dependencies = (
			);
			name = ImagePickerDemo;
			productName = ImagePickerDemo;
			productReference = DF49C1661DCE95040059C40B /* ImagePickerDemo.app */;
			productType = "com.apple.product-type.application";
		};
		DF49C1791DCE95040059C40B /* ImagePickerDemoUITests */ = {
			isa = PBXNativeTarget;
			buildConfigurationList = DF49C1861DCE95040059C40B /* Build configuration list for PBXNativeTarget "ImagePickerDemoUITests" */;
			buildPhases = (
				DF49C1761DCE95040059C40B /* Sources */,
				DF49C1771DCE95040059C40B /* Frameworks */,
				DF49C1781DCE95040059C40B /* Resources */,
			);
			buildRules = (
			);
			dependencies = (
				DF49C17C1DCE95040059C40B /* PBXTargetDependency */,
			);
			name = ImagePickerDemoUITests;
			productName = ImagePickerDemoUITests;
			productReference = DF49C17A1DCE95040059C40B /* ImagePickerDemoUITests.xctest */;
			productType = "com.apple.product-type.bundle.ui-testing";
		};
/* End PBXNativeTarget section */

/* Begin PBXProject section */
		DF49C15E1DCE95040059C40B /* Project object */ = {
			isa = PBXProject;
			attributes = {
				LastSwiftUpdateCheck = 0810;
				LastUpgradeCheck = 0810;
				ORGANIZATIONNAME = Pacific3;
				TargetAttributes = {
					DF49C1651DCE95040059C40B = {
						CreatedOnToolsVersion = 8.1;
						DevelopmentTeam = 2SFY4Y56VV;
						ProvisioningStyle = Automatic;
					};
					DF49C1791DCE95040059C40B = {
						CreatedOnToolsVersion = 8.1;
						DevelopmentTeam = 3BVQ3MVDQR;
						ProvisioningStyle = Automatic;
						TestTargetID = DF49C1651DCE95040059C40B;
					};
				};
			};
			buildConfigurationList = DF49C1611DCE95040059C40B /* Build configuration list for PBXProject "ImagePickerDemo" */;
			compatibilityVersion = "Xcode 3.2";
			developmentRegion = English;
			hasScannedForEncodings = 0;
			knownRegions = (
				English,
				en,
				Base,
			);
			mainGroup = DF49C15D1DCE95040059C40B;
			productRefGroup = DF49C1671DCE95040059C40B /* Products */;
			projectDirPath = "";
			projectRoot = "";
			targets = (
				DF49C1651DCE95040059C40B /* ImagePickerDemo */,
				DF49C1791DCE95040059C40B /* ImagePickerDemoUITests */,
			);
		};
/* End PBXProject section */

/* Begin PBXResourcesBuildPhase section */
		DF49C1641DCE95040059C40B /* Resources */ = {
			isa = PBXResourcesBuildPhase;
			buildActionMask = 2147483647;
			files = (
				DF49C1741DCE95040059C40B /* LaunchScreen.storyboard in Resources */,
				DF49C1711DCE95040059C40B /* Assets.xcassets in Resources */,
			);
			runOnlyForDeploymentPostprocessing = 0;
		};
		DF49C1781DCE95040059C40B /* Resources */ = {
			isa = PBXResourcesBuildPhase;
			buildActionMask = 2147483647;
			files = (
			);
			runOnlyForDeploymentPostprocessing = 0;
		};
/* End PBXResourcesBuildPhase section */

/* Begin PBXSourcesBuildPhase section */
		DF49C1621DCE95040059C40B /* Sources */ = {
			isa = PBXSourcesBuildPhase;
			buildActionMask = 2147483647;
			files = (
				DF49C16C1DCE95040059C40B /* ViewController.swift in Sources */,
				DF49C16A1DCE95040059C40B /* AppDelegate.swift in Sources */,
			);
			runOnlyForDeploymentPostprocessing = 0;
		};
		DF49C1761DCE95040059C40B /* Sources */ = {
			isa = PBXSourcesBuildPhase;
			buildActionMask = 2147483647;
			files = (
				DF49C17F1DCE95040059C40B /* ImagePickerDemoUITests.swift in Sources */,
			);
			runOnlyForDeploymentPostprocessing = 0;
		};
/* End PBXSourcesBuildPhase section */

/* Begin PBXTargetDependency section */
		DF49C17C1DCE95040059C40B /* PBXTargetDependency */ = {
			isa = PBXTargetDependency;
			target = DF49C1651DCE95040059C40B /* ImagePickerDemo */;
			targetProxy = DF49C17B1DCE95040059C40B /* PBXContainerItemProxy */;
		};
/* End PBXTargetDependency section */

/* Begin PBXVariantGroup section */
		DF49C1721DCE95040059C40B /* LaunchScreen.storyboard */ = {
			isa = PBXVariantGroup;
			children = (
				DF49C1731DCE95040059C40B /* Base */,
			);
			name = LaunchScreen.storyboard;
			sourceTree = "<group>";
		};
/* End PBXVariantGroup section */

/* Begin XCBuildConfiguration section */
		DF49C1811DCE95040059C40B /* Debug */ = {
			isa = XCBuildConfiguration;
			buildSettings = {
				ALWAYS_SEARCH_USER_PATHS = NO;
				CLANG_ANALYZER_NONNULL = YES;
				CLANG_CXX_LANGUAGE_STANDARD = "gnu++0x";
				CLANG_CXX_LIBRARY = "libc++";
				CLANG_ENABLE_MODULES = YES;
				CLANG_ENABLE_OBJC_ARC = YES;
				CLANG_WARN_BOOL_CONVERSION = YES;
				CLANG_WARN_CONSTANT_CONVERSION = YES;
				CLANG_WARN_DIRECT_OBJC_ISA_USAGE = YES_ERROR;
				CLANG_WARN_DOCUMENTATION_COMMENTS = YES;
				CLANG_WARN_EMPTY_BODY = YES;
				CLANG_WARN_ENUM_CONVERSION = YES;
				CLANG_WARN_INFINITE_RECURSION = YES;
				CLANG_WARN_INT_CONVERSION = YES;
				CLANG_WARN_OBJC_ROOT_CLASS = YES_ERROR;
				CLANG_WARN_SUSPICIOUS_MOVES = YES;
				CLANG_WARN_UNREACHABLE_CODE = YES;
				CLANG_WARN__DUPLICATE_METHOD_MATCH = YES;
				"CODE_SIGN_IDENTITY[sdk=iphoneos*]" = "iPhone Developer";
				COPY_PHASE_STRIP = NO;
				DEBUG_INFORMATION_FORMAT = dwarf;
				ENABLE_STRICT_OBJC_MSGSEND = YES;
				ENABLE_TESTABILITY = YES;
				GCC_C_LANGUAGE_STANDARD = gnu99;
				GCC_DYNAMIC_NO_PIC = NO;
				GCC_NO_COMMON_BLOCKS = YES;
				GCC_OPTIMIZATION_LEVEL = 0;
				GCC_PREPROCESSOR_DEFINITIONS = (
					"DEBUG=1",
					"$(inherited)",
				);
				GCC_WARN_64_TO_32_BIT_CONVERSION = YES;
				GCC_WARN_ABOUT_RETURN_TYPE = YES_ERROR;
				GCC_WARN_UNDECLARED_SELECTOR = YES;
				GCC_WARN_UNINITIALIZED_AUTOS = YES_AGGRESSIVE;
				GCC_WARN_UNUSED_FUNCTION = YES;
				GCC_WARN_UNUSED_VARIABLE = YES;
				IPHONEOS_DEPLOYMENT_TARGET = 10.1;
				MTL_ENABLE_DEBUG_INFO = YES;
				ONLY_ACTIVE_ARCH = YES;
				SDKROOT = iphoneos;
				SWIFT_ACTIVE_COMPILATION_CONDITIONS = DEBUG;
				SWIFT_OPTIMIZATION_LEVEL = "-Onone";
				TARGETED_DEVICE_FAMILY = "1,2";
			};
			name = Debug;
		};
		DF49C1821DCE95040059C40B /* Release */ = {
			isa = XCBuildConfiguration;
			buildSettings = {
				ALWAYS_SEARCH_USER_PATHS = NO;
				CLANG_ANALYZER_NONNULL = YES;
				CLANG_CXX_LANGUAGE_STANDARD = "gnu++0x";
				CLANG_CXX_LIBRARY = "libc++";
				CLANG_ENABLE_MODULES = YES;
				CLANG_ENABLE_OBJC_ARC = YES;
				CLANG_WARN_BOOL_CONVERSION = YES;
				CLANG_WARN_CONSTANT_CONVERSION = YES;
				CLANG_WARN_DIRECT_OBJC_ISA_USAGE = YES_ERROR;
				CLANG_WARN_DOCUMENTATION_COMMENTS = YES;
				CLANG_WARN_EMPTY_BODY = YES;
				CLANG_WARN_ENUM_CONVERSION = YES;
				CLANG_WARN_INFINITE_RECURSION = YES;
				CLANG_WARN_INT_CONVERSION = YES;
				CLANG_WARN_OBJC_ROOT_CLASS = YES_ERROR;
				CLANG_WARN_SUSPICIOUS_MOVES = YES;
				CLANG_WARN_UNREACHABLE_CODE = YES;
				CLANG_WARN__DUPLICATE_METHOD_MATCH = YES;
				"CODE_SIGN_IDENTITY[sdk=iphoneos*]" = "iPhone Developer";
				COPY_PHASE_STRIP = NO;
				DEBUG_INFORMATION_FORMAT = "dwarf-with-dsym";
				ENABLE_NS_ASSERTIONS = NO;
				ENABLE_STRICT_OBJC_MSGSEND = YES;
				GCC_C_LANGUAGE_STANDARD = gnu99;
				GCC_NO_COMMON_BLOCKS = YES;
				GCC_WARN_64_TO_32_BIT_CONVERSION = YES;
				GCC_WARN_ABOUT_RETURN_TYPE = YES_ERROR;
				GCC_WARN_UNDECLARED_SELECTOR = YES;
				GCC_WARN_UNINITIALIZED_AUTOS = YES_AGGRESSIVE;
				GCC_WARN_UNUSED_FUNCTION = YES;
				GCC_WARN_UNUSED_VARIABLE = YES;
				IPHONEOS_DEPLOYMENT_TARGET = 10.1;
				MTL_ENABLE_DEBUG_INFO = NO;
				SDKROOT = iphoneos;
				SWIFT_OPTIMIZATION_LEVEL = "-Owholemodule";
				TARGETED_DEVICE_FAMILY = "1,2";
				VALIDATE_PRODUCT = YES;
			};
			name = Release;
		};
		DF49C1841DCE95040059C40B /* Debug */ = {
			isa = XCBuildConfiguration;
			buildSettings = {
				ASSETCATALOG_COMPILER_APPICON_NAME = AppIcon;
				DEVELOPMENT_TEAM = 2SFY4Y56VV;
				INFOPLIST_FILE = ImagePickerDemo/Info.plist;
				LD_RUNPATH_SEARCH_PATHS = "$(inherited) @executable_path/Frameworks";
				PRODUCT_BUNDLE_IDENTIFIER = net.Pacific3.ImagePickerDemo;
				PRODUCT_NAME = "$(TARGET_NAME)";
				SWIFT_VERSION = 4.2;
			};
			name = Debug;
		};
		DF49C1851DCE95040059C40B /* Release */ = {
			isa = XCBuildConfiguration;
			buildSettings = {
				ASSETCATALOG_COMPILER_APPICON_NAME = AppIcon;
				DEVELOPMENT_TEAM = 2SFY4Y56VV;
				INFOPLIST_FILE = ImagePickerDemo/Info.plist;
				LD_RUNPATH_SEARCH_PATHS = "$(inherited) @executable_path/Frameworks";
				PRODUCT_BUNDLE_IDENTIFIER = net.Pacific3.ImagePickerDemo;
				PRODUCT_NAME = "$(TARGET_NAME)";
				SWIFT_VERSION = 4.2;
			};
			name = Release;
		};
		DF49C1871DCE95040059C40B /* Debug */ = {
			isa = XCBuildConfiguration;
			buildSettings = {
				ALWAYS_EMBED_SWIFT_STANDARD_LIBRARIES = YES;
				DEVELOPMENT_TEAM = 3BVQ3MVDQR;
				INFOPLIST_FILE = ImagePickerDemoUITests/Info.plist;
				LD_RUNPATH_SEARCH_PATHS = "$(inherited) @executable_path/Frameworks @loader_path/Frameworks";
				PRODUCT_BUNDLE_IDENTIFIER = net.Pacific3.ImagePickerDemoUITests;
				PRODUCT_NAME = "$(TARGET_NAME)";
				SWIFT_VERSION = 3.0;
				TEST_TARGET_NAME = ImagePickerDemo;
			};
			name = Debug;
		};
		DF49C1881DCE95040059C40B /* Release */ = {
			isa = XCBuildConfiguration;
			buildSettings = {
				ALWAYS_EMBED_SWIFT_STANDARD_LIBRARIES = YES;
				DEVELOPMENT_TEAM = 3BVQ3MVDQR;
				INFOPLIST_FILE = ImagePickerDemoUITests/Info.plist;
				LD_RUNPATH_SEARCH_PATHS = "$(inherited) @executable_path/Frameworks @loader_path/Frameworks";
				PRODUCT_BUNDLE_IDENTIFIER = net.Pacific3.ImagePickerDemoUITests;
				PRODUCT_NAME = "$(TARGET_NAME)";
				SWIFT_VERSION = 3.0;
				TEST_TARGET_NAME = ImagePickerDemo;
			};
			name = Release;
		};
/* End XCBuildConfiguration section */

/* Begin XCConfigurationList section */
		DF49C1611DCE95040059C40B /* Build configuration list for PBXProject "ImagePickerDemo" */ = {
			isa = XCConfigurationList;
			buildConfigurations = (
				DF49C1811DCE95040059C40B /* Debug */,
				DF49C1821DCE95040059C40B /* Release */,
			);
			defaultConfigurationIsVisible = 0;
			defaultConfigurationName = Release;
		};
		DF49C1831DCE95040059C40B /* Build configuration list for PBXNativeTarget "ImagePickerDemo" */ = {
			isa = XCConfigurationList;
			buildConfigurations = (
				DF49C1841DCE95040059C40B /* Debug */,
				DF49C1851DCE95040059C40B /* Release */,
			);
			defaultConfigurationIsVisible = 0;
			defaultConfigurationName = Release;
		};
		DF49C1861DCE95040059C40B /* Build configuration list for PBXNativeTarget "ImagePickerDemoUITests" */ = {
			isa = XCConfigurationList;
			buildConfigurations = (
				DF49C1871DCE95040059C40B /* Debug */,
				DF49C1881DCE95040059C40B /* Release */,
			);
			defaultConfigurationIsVisible = 0;
			defaultConfigurationName = Release;
		};
/* End XCConfigurationList section */
	};
	rootObject = DF49C15E1DCE95040059C40B /* Project object */;
}
