// !$*UTF8*$!
{
	archiveVersion = 1;
	classes = {
	};
	objectVersion = 46;
	objects = {

/* Begin PBXBuildFile section */
		2229532A1DC930A500034D84 /* AppDelegate.swift in Sources */ = {isa = PBXBuildFile; fileRef = 222953291DC930A500034D84 /* AppDelegate.swift */; };
		2229532F1DC930A500034D84 /* Main.storyboard in Resources */ = {isa = PBXBuildFile; fileRef = 2229532D1DC930A500034D84 /* Main.storyboard */; };
		222953311DC930A500034D84 /* Assets.xcassets in Resources */ = {isa = PBXBuildFile; fileRef = 222953301DC930A500034D84 /* Assets.xcassets */; };
		222953341DC930A500034D84 /* LaunchScreen.storyboard in Resources */ = {isa = PBXBuildFile; fileRef = 222953321DC930A500034D84 /* LaunchScreen.storyboard */; };
		2229533C1DC930D100034D84 /* PhotoCollectionViewController.swift in Sources */ = {isa = PBXBuildFile; fileRef = 2229533B1DC930D100034D84 /* PhotoCollectionViewController.swift */; };
		2229533E1DC9313600034D84 /* PhotoCollectionViewCell.swift in Sources */ = {isa = PBXBuildFile; fileRef = 2229533D1DC9313600034D84 /* PhotoCollectionViewCell.swift */; };
		222953401DC931EB00034D84 /* Model.swift in Sources */ = {isa = PBXBuildFile; fileRef = 2229533F1DC931EB00034D84 /* Model.swift */; };
/* End PBXBuildFile section */

/* Begin PBXFileReference section */
		222953261DC930A500034D84 /* CollectionView01.app */ = {isa = PBXFileReference; explicitFileType = wrapper.application; includeInIndex = 0; path = CollectionView01.app; sourceTree = BUILT_PRODUCTS_DIR; };
		222953291DC930A500034D84 /* AppDelegate.swift */ = {isa = PBXFileReference; lastKnownFileType = sourcecode.swift; path = AppDelegate.swift; sourceTree = "<group>"; };
		2229532E1DC930A500034D84 /* Base */ = {isa = PBXFileReference; lastKnownFileType = file.storyboard; name = Base; path = Base.lproj/Main.storyboard; sourceTree = "<group>"; };
		222953301DC930A500034D84 /* Assets.xcassets */ = {isa = PBXFileReference; lastKnownFileType = folder.assetcatalog; path = Assets.xcassets; sourceTree = "<group>"; };
		222953331DC930A500034D84 /* Base */ = {isa = PBXFileReference; lastKnownFileType = file.storyboard; name = Base; path = Base.lproj/LaunchScreen.storyboard; sourceTree = "<group>"; };
		222953351DC930A500034D84 /* Info.plist */ = {isa = PBXFileReference; lastKnownFileType = text.plist.xml; path = Info.plist; sourceTree = "<group>"; };
		2229533B1DC930D100034D84 /* PhotoCollectionViewController.swift */ = {isa = PBXFileReference; fileEncoding = 4; lastKnownFileType = sourcecode.swift; path = PhotoCollectionViewController.swift; sourceTree = "<group>"; };
		2229533D1DC9313600034D84 /* PhotoCollectionViewCell.swift */ = {isa = PBXFileReference; fileEncoding = 4; lastKnownFileType = sourcecode.swift; path = PhotoCollectionViewCell.swift; sourceTree = "<group>"; };
		2229533F1DC931EB00034D84 /* Model.swift */ = {isa = PBXFileReference; fileEncoding = 4; lastKnownFileType = sourcecode.swift; path = Model.swift; sourceTree = "<group>"; };
/* End PBXFileReference section */

/* Begin PBXFrameworksBuildPhase section */
		222953231DC930A500034D84 /* Frameworks */ = {
			isa = PBXFrameworksBuildPhase;
			buildActionMask = 2147483647;
			files = (
			);
			runOnlyForDeploymentPostprocessing = 0;
		};
/* End PBXFrameworksBuildPhase section */

/* Begin PBXGroup section */
		2229531D1DC930A500034D84 = {
			isa = PBXGroup;
			children = (
				222953281DC930A500034D84 /* CollectionView01 */,
				222953271DC930A500034D84 /* Products */,
			);
			sourceTree = "<group>";
		};
		222953271DC930A500034D84 /* Products */ = {
			isa = PBXGroup;
			children = (
				222953261DC930A500034D84 /* CollectionView01.app */,
			);
			name = Products;
			sourceTree = "<group>";
		};
		222953281DC930A500034D84 /* CollectionView01 */ = {
			isa = PBXGroup;
			children = (
				222953291DC930A500034D84 /* AppDelegate.swift */,
				2229533B1DC930D100034D84 /* PhotoCollectionViewController.swift */,
				2229533D1DC9313600034D84 /* PhotoCollectionViewCell.swift */,
				2229533F1DC931EB00034D84 /* Model.swift */,
				2229532D1DC930A500034D84 /* Main.storyboard */,
				222953301DC930A500034D84 /* Assets.xcassets */,
				222953321DC930A500034D84 /* LaunchScreen.storyboard */,
				222953351DC930A500034D84 /* Info.plist */,
			);
			path = CollectionView01;
			sourceTree = "<group>";
		};
/* End PBXGroup section */

/* Begin PBXNativeTarget section */
		222953251DC930A500034D84 /* CollectionView01 */ = {
			isa = PBXNativeTarget;
			buildConfigurationList = 222953381DC930A500034D84 /* Build configuration list for PBXNativeTarget "CollectionView01" */;
			buildPhases = (
				222953221DC930A500034D84 /* Sources */,
				222953231DC930A500034D84 /* Frameworks */,
				222953241DC930A500034D84 /* Resources */,
			);
			buildRules = (
			);
			dependencies = (
			);
			name = CollectionView01;
			productName = CollectionView01;
			productReference = 222953261DC930A500034D84 /* CollectionView01.app */;
			productType = "com.apple.product-type.application";
		};
/* End PBXNativeTarget section */

/* Begin PBXProject section */
		2229531E1DC930A500034D84 /* Project object */ = {
			isa = PBXProject;
			attributes = {
				LastSwiftUpdateCheck = 0810;
				LastUpgradeCheck = 0820;
				ORGANIZATIONNAME = sam;
				TargetAttributes = {
					222953251DC930A500034D84 = {
						CreatedOnToolsVersion = 8.1;
						DevelopmentTeam = 2SFY4Y56VV;
						ProvisioningStyle = Automatic;
					};
				};
			};
			buildConfigurationList = 222953211DC930A500034D84 /* Build configuration list for PBXProject "CollectionView01" */;
			compatibilityVersion = "Xcode 3.2";
			developmentRegion = English;
			hasScannedForEncodings = 0;
			knownRegions = (
				English,
				en,
				Base,
			);
			mainGroup = 2229531D1DC930A500034D84;
			productRefGroup = 222953271DC930A500034D84 /* Products */;
			projectDirPath = "";
			projectRoot = "";
			targets = (
				222953251DC930A500034D84 /* CollectionView01 */,
			);
		};
/* End PBXProject section */

/* Begin PBXResourcesBuildPhase section */
		222953241DC930A500034D84 /* Resources */ = {
			isa = PBXResourcesBuildPhase;
			buildActionMask = 2147483647;
			files = (
				222953341DC930A500034D84 /* LaunchScreen.storyboard in Resources */,
				222953311DC930A500034D84 /* Assets.xcassets in Resources */,
				2229532F1DC930A500034D84 /* Main.storyboard in Resources */,
			);
			runOnlyForDeploymentPostprocessing = 0;
		};
/* End PBXResourcesBuildPhase section */

/* Begin PBXSourcesBuildPhase section */
		222953221DC930A500034D84 /* Sources */ = {
			isa = PBXSourcesBuildPhase;
			buildActionMask = 2147483647;
			files = (
				2229532A1DC930A500034D84 /* AppDelegate.swift in Sources */,
				2229533C1DC930D100034D84 /* PhotoCollectionViewController.swift in Sources */,
				2229533E1DC9313600034D84 /* PhotoCollectionViewCell.swift in Sources */,
				222953401DC931EB00034D84 /* Model.swift in Sources */,
			);
			runOnlyForDeploymentPostprocessing = 0;
		};
/* End PBXSourcesBuildPhase section */

/* Begin PBXVariantGroup section */
		2229532D1DC930A500034D84 /* Main.storyboard */ = {
			isa = PBXVariantGroup;
			children = (
				2229532E1DC930A500034D84 /* Base */,
			);
			name = Main.storyboard;
			sourceTree = "<group>";
		};
		222953321DC930A500034D84 /* LaunchScreen.storyboard */ = {
			isa = PBXVariantGroup;
			children = (
				222953331DC930A500034D84 /* Base */,
			);
			name = LaunchScreen.storyboard;
			sourceTree = "<group>";
		};
/* End PBXVariantGroup section */

/* Begin XCBuildConfiguration section */
		222953361DC930A500034D84 /* Debug */ = {
			isa = XCBuildConfiguration;
			buildSettings = {
				ALWAYS_SEARCH_USER_PATHS = NO;
				CLANG_ANALYZER_NONNULL = YES;
				CLANG_CXX_LANGUAGE_STANDARD = "gnu++0x";
				CLANG_CXX_LIBRARY = "libc++";
				CLANG_ENABLE_MODULES = YES;
				CLANG_ENABLE_OBJC_ARC = YES;
				CLANG_WARN_BOOL_CONVERSION = YES;
				CLANG_WARN_CONSTANT_CONVERSION = YES;
				CLANG_WARN_DIRECT_OBJC_ISA_USAGE = YES_ERROR;
				CLANG_WARN_DOCUMENTATION_COMMENTS = YES;
				CLANG_WARN_EMPTY_BODY = YES;
				CLANG_WARN_ENUM_CONVERSION = YES;
				CLANG_WARN_INFINITE_RECURSION = YES;
				CLANG_WARN_INT_CONVERSION = YES;
				CLANG_WARN_OBJC_ROOT_CLASS = YES_ERROR;
				CLANG_WARN_SUSPICIOUS_MOVE = YES;
				CLANG_WARN_SUSPICIOUS_MOVES = YES;
				CLANG_WARN_UNREACHABLE_CODE = YES;
				CLANG_WARN__DUPLICATE_METHOD_MATCH = YES;
				"CODE_SIGN_IDENTITY[sdk=iphoneos*]" = "iPhone Developer";
				COPY_PHASE_STRIP = NO;
				DEBUG_INFORMATION_FORMAT = dwarf;
				ENABLE_STRICT_OBJC_MSGSEND = YES;
				ENABLE_TESTABILITY = YES;
				GCC_C_LANGUAGE_STANDARD = gnu99;
				GCC_DYNAMIC_NO_PIC = NO;
				GCC_NO_COMMON_BLOCKS = YES;
				GCC_OPTIMIZATION_LEVEL = 0;
				GCC_PREPROCESSOR_DEFINITIONS = (
					"DEBUG=1",
					"$(inherited)",
				);
				GCC_WARN_64_TO_32_BIT_CONVERSION = YES;
				GCC_WARN_ABOUT_RETURN_TYPE = YES_ERROR;
				GCC_WARN_UNDECLARED_SELECTOR = YES;
				GCC_WARN_UNINITIALIZED_AUTOS = YES_AGGRESSIVE;
				GCC_WARN_UNUSED_FUNCTION = YES;
				GCC_WARN_UNUSED_VARIABLE = YES;
				IPHONEOS_DEPLOYMENT_TARGET = 10.1;
				MTL_ENABLE_DEBUG_INFO = YES;
				ONLY_ACTIVE_ARCH = YES;
				SDKROOT = iphoneos;
				SWIFT_ACTIVE_COMPILATION_CONDITIONS = DEBUG;
				SWIFT_OPTIMIZATION_LEVEL = "-Onone";
				TARGETED_DEVICE_FAMILY = "1,2";
			};
			name = Debug;
		};
		222953371DC930A500034D84 /* Release */ = {
			isa = XCBuildConfiguration;
			buildSettings = {
				ALWAYS_SEARCH_USER_PATHS = NO;
				CLANG_ANALYZER_NONNULL = YES;
				CLANG_CXX_LANGUAGE_STANDARD = "gnu++0x";
				CLANG_CXX_LIBRARY = "libc++";
				CLANG_ENABLE_MODULES = YES;
				CLANG_ENABLE_OBJC_ARC = YES;
				CLANG_WARN_BOOL_CONVERSION = YES;
				CLANG_WARN_CONSTANT_CONVERSION = YES;
				CLANG_WARN_DIRECT_OBJC_ISA_USAGE = YES_ERROR;
				CLANG_WARN_DOCUMENTATION_COMMENTS = YES;
				CLANG_WARN_EMPTY_BODY = YES;
				CLANG_WARN_ENUM_CONVERSION = YES;
				CLANG_WARN_INFINITE_RECURSION = YES;
				CLANG_WARN_INT_CONVERSION = YES;
				CLANG_WARN_OBJC_ROOT_CLASS = YES_ERROR;
				CLANG_WARN_SUSPICIOUS_MOVE = YES;
				CLANG_WARN_SUSPICIOUS_MOVES = YES;
				CLANG_WARN_UNREACHABLE_CODE = YES;
				CLANG_WARN__DUPLICATE_METHOD_MATCH = YES;
				"CODE_SIGN_IDENTITY[sdk=iphoneos*]" = "iPhone Developer";
				COPY_PHASE_STRIP = NO;
				DEBUG_INFORMATION_FORMAT = "dwarf-with-dsym";
				ENABLE_NS_ASSERTIONS = NO;
				ENABLE_STRICT_OBJC_MSGSEND = YES;
				GCC_C_LANGUAGE_STANDARD = gnu99;
				GCC_NO_COMMON_BLOCKS = YES;
				GCC_WARN_64_TO_32_BIT_CONVERSION = YES;
				GCC_WARN_ABOUT_RETURN_TYPE = YES_ERROR;
				GCC_WARN_UNDECLARED_SELECTOR = YES;
				GCC_WARN_UNINITIALIZED_AUTOS = YES_AGGRESSIVE;
				GCC_WARN_UNUSED_FUNCTION = YES;
				GCC_WARN_UNUSED_VARIABLE = YES;
				IPHONEOS_DEPLOYMENT_TARGET = 10.1;
				MTL_ENABLE_DEBUG_INFO = NO;
				SDKROOT = iphoneos;
				SWIFT_OPTIMIZATION_LEVEL = "-Owholemodule";
				TARGETED_DEVICE_FAMILY = "1,2";
				VALIDATE_PRODUCT = YES;
			};
			name = Release;
		};
		222953391DC930A500034D84 /* Debug */ = {
			isa = XCBuildConfiguration;
			buildSettings = {
				ASSETCATALOG_COMPILER_APPICON_NAME = AppIcon;
				CODE_SIGN_IDENTITY = "iPhone Developer";
				CODE_SIGN_STYLE = Automatic;
				DEVELOPMENT_TEAM = 2SFY4Y56VV;
				INFOPLIST_FILE = CollectionView01/Info.plist;
				LD_RUNPATH_SEARCH_PATHS = "$(inherited) @executable_path/Frameworks";
				PRODUCT_BUNDLE_IDENTIFIER = sam.CollectionView01;
				PRODUCT_NAME = "$(TARGET_NAME)";
				PROVISIONING_PROFILE_SPECIFIER = "";
				SWIFT_VERSION = 4.0;
			};
			name = Debug;
		};
		2229533A1DC930A500034D84 /* Release */ = {
			isa = XCBuildConfiguration;
			buildSettings = {
				ASSETCATALOG_COMPILER_APPICON_NAME = AppIcon;
				CODE_SIGN_IDENTITY = "iPhone Developer";
				CODE_SIGN_STYLE = Automatic;
				DEVELOPMENT_TEAM = 2SFY4Y56VV;
				INFOPLIST_FILE = CollectionView01/Info.plist;
				LD_RUNPATH_SEARCH_PATHS = "$(inherited) @executable_path/Frameworks";
				PRODUCT_BUNDLE_IDENTIFIER = sam.CollectionView01;
				PRODUCT_NAME = "$(TARGET_NAME)";
				PROVISIONING_PROFILE_SPECIFIER = "";
				SWIFT_VERSION = 4.0;
			};
			name = Release;
		};
/* End XCBuildConfiguration section */

/* Begin XCConfigurationList section */
		222953211DC930A500034D84 /* Build configuration list for PBXProject "CollectionView01" */ = {
			isa = XCConfigurationList;
			buildConfigurations = (
				222953361DC930A500034D84 /* Debug */,
				222953371DC930A500034D84 /* Release */,
			);
			defaultConfigurationIsVisible = 0;
			defaultConfigurationName = Release;
		};
		222953381DC930A500034D84 /* Build configuration list for PBXNativeTarget "CollectionView01" */ = {
			isa = XCConfigurationList;
			buildConfigurations = (
				222953391DC930A500034D84 /* Debug */,
				2229533A1DC930A500034D84 /* Release */,
			);
			defaultConfigurationIsVisible = 0;
			defaultConfigurationName = Release;
		};
/* End XCConfigurationList section */
	};
	rootObject = 2229531E1DC930A500034D84 /* Project object */;
}
