// !$*UTF8*$!
{
	archiveVersion = 1;
	classes = {
	};
	objectVersion = 50;
	objects = {

/* Begin PBXBuildFile section */
		CEB8E43D226B524D005B5E39 /* AppDelegate.swift in Sources */ = {isa = PBXBuildFile; fileRef = CEB8E43C226B524D005B5E39 /* AppDelegate.swift */; };
		CEB8E43F226B524D005B5E39 /* ViewController.swift in Sources */ = {isa = PBXBuildFile; fileRef = CEB8E43E226B524D005B5E39 /* ViewController.swift */; };
		CEB8E442226B524D005B5E39 /* Main.storyboard in Resources */ = {isa = PBXBuildFile; fileRef = CEB8E440226B524D005B5E39 /* Main.storyboard */; };
		CEB8E444226B524F005B5E39 /* Assets.xcassets in Resources */ = {isa = PBXBuildFile; fileRef = CEB8E443226B524F005B5E39 /* Assets.xcassets */; };
		CEB8E447226B524F005B5E39 /* LaunchScreen.storyboard in Resources */ = {isa = PBXBuildFile; fileRef = CEB8E445226B524F005B5E39 /* LaunchScreen.storyboard */; };
		CEB8E44F226B53BF005B5E39 /* PrincipalViewController.swift in Sources */ = {isa = PBXBuildFile; fileRef = CEB8E44E226B53BF005B5E39 /* PrincipalViewController.swift */; };
		CEB8E452226B5D6C005B5E39 /* LocalAuthentication.framework in Frameworks */ = {isa = PBXBuildFile; fileRef = CEB8E451226B5D6C005B5E39 /* LocalAuthentication.framework */; };
/* End PBXBuildFile section */

/* Begin PBXFileReference section */
		CEB8E439226B524D005B5E39 /* appTouchIDFaceID.app */ = {isa = PBXFileReference; explicitFileType = wrapper.application; includeInIndex = 0; path = appTouchIDFaceID.app; sourceTree = BUILT_PRODUCTS_DIR; };
		CEB8E43C226B524D005B5E39 /* AppDelegate.swift */ = {isa = PBXFileReference; lastKnownFileType = sourcecode.swift; path = AppDelegate.swift; sourceTree = "<group>"; };
		CEB8E43E226B524D005B5E39 /* ViewController.swift */ = {isa = PBXFileReference; lastKnownFileType = sourcecode.swift; path = ViewController.swift; sourceTree = "<group>"; };
		CEB8E441226B524D005B5E39 /* Base */ = {isa = PBXFileReference; lastKnownFileType = file.storyboard; name = Base; path = Base.lproj/Main.storyboard; sourceTree = "<group>"; };
		CEB8E443226B524F005B5E39 /* Assets.xcassets */ = {isa = PBXFileReference; lastKnownFileType = folder.assetcatalog; path = Assets.xcassets; sourceTree = "<group>"; };
		CEB8E446226B524F005B5E39 /* Base */ = {isa = PBXFileReference; lastKnownFileType = file.storyboard; name = Base; path = Base.lproj/LaunchScreen.storyboard; sourceTree = "<group>"; };
		CEB8E448226B524F005B5E39 /* Info.plist */ = {isa = PBXFileReference; lastKnownFileType = text.plist.xml; path = Info.plist; sourceTree = "<group>"; };
		CEB8E44E226B53BF005B5E39 /* PrincipalViewController.swift */ = {isa = PBXFileReference; lastKnownFileType = sourcecode.swift; path = PrincipalViewController.swift; sourceTree = "<group>"; };
		CEB8E451226B5D6C005B5E39 /* LocalAuthentication.framework */ = {isa = PBXFileReference; lastKnownFileType = wrapper.framework; name = LocalAuthentication.framework; path = System/Library/Frameworks/LocalAuthentication.framework; sourceTree = SDKROOT; };
/* End PBXFileReference section */

/* Begin PBXFrameworksBuildPhase section */
		CEB8E436226B524D005B5E39 /* Frameworks */ = {
			isa = PBXFrameworksBuildPhase;
			buildActionMask = 2147483647;
			files = (
				CEB8E452226B5D6C005B5E39 /* LocalAuthentication.framework in Frameworks */,
			);
			runOnlyForDeploymentPostprocessing = 0;
		};
/* End PBXFrameworksBuildPhase section */

/* Begin PBXGroup section */
		CEB8E430226B524D005B5E39 = {
			isa = PBXGroup;
			children = (
				CEB8E43B226B524D005B5E39 /* appTouchIDFaceID */,
				CEB8E43A226B524D005B5E39 /* Products */,
				CEB8E450226B5D6C005B5E39 /* Frameworks */,
			);
			sourceTree = "<group>";
		};
		CEB8E43A226B524D005B5E39 /* Products */ = {
			isa = PBXGroup;
			children = (
				CEB8E439226B524D005B5E39 /* appTouchIDFaceID.app */,
			);
			name = Products;
			sourceTree = "<group>";
		};
		CEB8E43B226B524D005B5E39 /* appTouchIDFaceID */ = {
			isa = PBXGroup;
			children = (
				CEB8E43C226B524D005B5E39 /* AppDelegate.swift */,
				CEB8E43E226B524D005B5E39 /* ViewController.swift */,
				CEB8E44E226B53BF005B5E39 /* PrincipalViewController.swift */,
				CEB8E440226B524D005B5E39 /* Main.storyboard */,
				CEB8E443226B524F005B5E39 /* Assets.xcassets */,
				CEB8E445226B524F005B5E39 /* LaunchScreen.storyboard */,
				CEB8E448226B524F005B5E39 /* Info.plist */,
			);
			path = appTouchIDFaceID;
			sourceTree = "<group>";
		};
		CEB8E450226B5D6C005B5E39 /* Frameworks */ = {
			isa = PBXGroup;
			children = (
				CEB8E451226B5D6C005B5E39 /* LocalAuthentication.framework */,
			);
			name = Frameworks;
			sourceTree = "<group>";
		};
/* End PBXGroup section */

/* Begin PBXNativeTarget section */
		CEB8E438226B524D005B5E39 /* appTouchIDFaceID */ = {
			isa = PBXNativeTarget;
			buildConfigurationList = CEB8E44B226B524F005B5E39 /* Build configuration list for PBXNativeTarget "appTouchIDFaceID" */;
			buildPhases = (
				CEB8E435226B524D005B5E39 /* Sources */,
				CEB8E436226B524D005B5E39 /* Frameworks */,
				CEB8E437226B524D005B5E39 /* Resources */,
			);
			buildRules = (
			);
			dependencies = (
			);
			name = appTouchIDFaceID;
			productName = appTouchIDFaceID;
			productReference = CEB8E439226B524D005B5E39 /* appTouchIDFaceID.app */;
			productType = "com.apple.product-type.application";
		};
/* End PBXNativeTarget section */

/* Begin PBXProject section */
		CEB8E431226B524D005B5E39 /* Project object */ = {
			isa = PBXProject;
			attributes = {
				LastSwiftUpdateCheck = 1020;
				LastUpgradeCheck = 1020;
				ORGANIZATIONNAME = "Felipe Hernandez";
				TargetAttributes = {
					CEB8E438226B524D005B5E39 = {
						CreatedOnToolsVersion = 10.2.1;
					};
				};
			};
			buildConfigurationList = CEB8E434226B524D005B5E39 /* Build configuration list for PBXProject "appTouchIDFaceID" */;
			compatibilityVersion = "Xcode 9.3";
			developmentRegion = en;
			hasScannedForEncodings = 0;
			knownRegions = (
				en,
				Base,
			);
			mainGroup = CEB8E430226B524D005B5E39;
			productRefGroup = CEB8E43A226B524D005B5E39 /* Products */;
			projectDirPath = "";
			projectRoot = "";
			targets = (
				CEB8E438226B524D005B5E39 /* appTouchIDFaceID */,
			);
		};
/* End PBXProject section */

/* Begin PBXResourcesBuildPhase section */
		CEB8E437226B524D005B5E39 /* Resources */ = {
			isa = PBXResourcesBuildPhase;
			buildActionMask = 2147483647;
			files = (
				CEB8E447226B524F005B5E39 /* LaunchScreen.storyboard in Resources */,
				CEB8E444226B524F005B5E39 /* Assets.xcassets in Resources */,
				CEB8E442226B524D005B5E39 /* Main.storyboard in Resources */,
			);
			runOnlyForDeploymentPostprocessing = 0;
		};
/* End PBXResourcesBuildPhase section */

/* Begin PBXSourcesBuildPhase section */
		CEB8E435226B524D005B5E39 /* Sources */ = {
			isa = PBXSourcesBuildPhase;
			buildActionMask = 2147483647;
			files = (
				CEB8E44F226B53BF005B5E39 /* PrincipalViewController.swift in Sources */,
				CEB8E43F226B524D005B5E39 /* ViewController.swift in Sources */,
				CEB8E43D226B524D005B5E39 /* AppDelegate.swift in Sources */,
			);
			runOnlyForDeploymentPostprocessing = 0;
		};
/* End PBXSourcesBuildPhase section */

/* Begin PBXVariantGroup section */
		CEB8E440226B524D005B5E39 /* Main.storyboard */ = {
			isa = PBXVariantGroup;
			children = (
				CEB8E441226B524D005B5E39 /* Base */,
			);
			name = Main.storyboard;
			sourceTree = "<group>";
		};
		CEB8E445226B524F005B5E39 /* LaunchScreen.storyboard */ = {
			isa = PBXVariantGroup;
			children = (
				CEB8E446226B524F005B5E39 /* Base */,
			);
			name = LaunchScreen.storyboard;
			sourceTree = "<group>";
		};
/* End PBXVariantGroup section */

/* Begin XCBuildConfiguration section */
		CEB8E449226B524F005B5E39 /* Debug */ = {
			isa = XCBuildConfiguration;
			buildSettings = {
				ALWAYS_SEARCH_USER_PATHS = NO;
				CLANG_ANALYZER_NONNULL = YES;
				CLANG_ANALYZER_NUMBER_OBJECT_CONVERSION = YES_AGGRESSIVE;
				CLANG_CXX_LANGUAGE_STANDARD = "gnu++14";
				CLANG_CXX_LIBRARY = "libc++";
				CLANG_ENABLE_MODULES = YES;
				CLANG_ENABLE_OBJC_ARC = YES;
				CLANG_ENABLE_OBJC_WEAK = YES;
				CLANG_WARN_BLOCK_CAPTURE_AUTORELEASING = YES;
				CLANG_WARN_BOOL_CONVERSION = YES;
				CLANG_WARN_COMMA = YES;
				CLANG_WARN_CONSTANT_CONVERSION = YES;
				CLANG_WARN_DEPRECATED_OBJC_IMPLEMENTATIONS = YES;
				CLANG_WARN_DIRECT_OBJC_ISA_USAGE = YES_ERROR;
				CLANG_WARN_DOCUMENTATION_COMMENTS = YES;
				CLANG_WARN_EMPTY_BODY = YES;
				CLANG_WARN_ENUM_CONVERSION = YES;
				CLANG_WARN_INFINITE_RECURSION = YES;
				CLANG_WARN_INT_CONVERSION = YES;
				CLANG_WARN_NON_LITERAL_NULL_CONVERSION = YES;
				CLANG_WARN_OBJC_IMPLICIT_RETAIN_SELF = YES;
				CLANG_WARN_OBJC_LITERAL_CONVERSION = YES;
				CLANG_WARN_OBJC_ROOT_CLASS = YES_ERROR;
				CLANG_WARN_RANGE_LOOP_ANALYSIS = YES;
				CLANG_WARN_STRICT_PROTOTYPES = YES;
				CLANG_WARN_SUSPICIOUS_MOVE = YES;
				CLANG_WARN_UNGUARDED_AVAILABILITY = YES_AGGRESSIVE;
				CLANG_WARN_UNREACHABLE_CODE = YES;
				CLANG_WARN__DUPLICATE_METHOD_MATCH = YES;
				CODE_SIGN_IDENTITY = "iPhone Developer";
				COPY_PHASE_STRIP = NO;
				DEBUG_INFORMATION_FORMAT = dwarf;
				ENABLE_STRICT_OBJC_MSGSEND = YES;
				ENABLE_TESTABILITY = YES;
				GCC_C_LANGUAGE_STANDARD = gnu11;
				GCC_DYNAMIC_NO_PIC = NO;
				GCC_NO_COMMON_BLOCKS = YES;
				GCC_OPTIMIZATION_LEVEL = 0;
				GCC_PREPROCESSOR_DEFINITIONS = (
					"DEBUG=1",
					"$(inherited)",
				);
				GCC_WARN_64_TO_32_BIT_CONVERSION = YES;
				GCC_WARN_ABOUT_RETURN_TYPE = YES_ERROR;
				GCC_WARN_UNDECLARED_SELECTOR = YES;
				GCC_WARN_UNINITIALIZED_AUTOS = YES_AGGRESSIVE;
				GCC_WARN_UNUSED_FUNCTION = YES;
				GCC_WARN_UNUSED_VARIABLE = YES;
				IPHONEOS_DEPLOYMENT_TARGET = 12.2;
				MTL_ENABLE_DEBUG_INFO = INCLUDE_SOURCE;
				MTL_FAST_MATH = YES;
				ONLY_ACTIVE_ARCH = YES;
				SDKROOT = iphoneos;
				SWIFT_ACTIVE_COMPILATION_CONDITIONS = DEBUG;
				SWIFT_OPTIMIZATION_LEVEL = "-Onone";
			};
			name = Debug;
		};
		CEB8E44A226B524F005B5E39 /* Release */ = {
			isa = XCBuildConfiguration;
			buildSettings = {
				ALWAYS_SEARCH_USER_PATHS = NO;
				CLANG_ANALYZER_NONNULL = YES;
				CLANG_ANALYZER_NUMBER_OBJECT_CONVERSION = YES_AGGRESSIVE;
				CLANG_CXX_LANGUAGE_STANDARD = "gnu++14";
				CLANG_CXX_LIBRARY = "libc++";
				CLANG_ENABLE_MODULES = YES;
				CLANG_ENABLE_OBJC_ARC = YES;
				CLANG_ENABLE_OBJC_WEAK = YES;
				CLANG_WARN_BLOCK_CAPTURE_AUTORELEASING = YES;
				CLANG_WARN_BOOL_CONVERSION = YES;
				CLANG_WARN_COMMA = YES;
				CLANG_WARN_CONSTANT_CONVERSION = YES;
				CLANG_WARN_DEPRECATED_OBJC_IMPLEMENTATIONS = YES;
				CLANG_WARN_DIRECT_OBJC_ISA_USAGE = YES_ERROR;
				CLANG_WARN_DOCUMENTATION_COMMENTS = YES;
				CLANG_WARN_EMPTY_BODY = YES;
				CLANG_WARN_ENUM_CONVERSION = YES;
				CLANG_WARN_INFINITE_RECURSION = YES;
				CLANG_WARN_INT_CONVERSION = YES;
				CLANG_WARN_NON_LITERAL_NULL_CONVERSION = YES;
				CLANG_WARN_OBJC_IMPLICIT_RETAIN_SELF = YES;
				CLANG_WARN_OBJC_LITERAL_CONVERSION = YES;
				CLANG_WARN_OBJC_ROOT_CLASS = YES_ERROR;
				CLANG_WARN_RANGE_LOOP_ANALYSIS = YES;
				CLANG_WARN_STRICT_PROTOTYPES = YES;
				CLANG_WARN_SUSPICIOUS_MOVE = YES;
				CLANG_WARN_UNGUARDED_AVAILABILITY = YES_AGGRESSIVE;
				CLANG_WARN_UNREACHABLE_CODE = YES;
				CLANG_WARN__DUPLICATE_METHOD_MATCH = YES;
				CODE_SIGN_IDENTITY = "iPhone Developer";
				COPY_PHASE_STRIP = NO;
				DEBUG_INFORMATION_FORMAT = "dwarf-with-dsym";
				ENABLE_NS_ASSERTIONS = NO;
				ENABLE_STRICT_OBJC_MSGSEND = YES;
				GCC_C_LANGUAGE_STANDARD = gnu11;
				GCC_NO_COMMON_BLOCKS = YES;
				GCC_WARN_64_TO_32_BIT_CONVERSION = YES;
				GCC_WARN_ABOUT_RETURN_TYPE = YES_ERROR;
				GCC_WARN_UNDECLARED_SELECTOR = YES;
				GCC_WARN_UNINITIALIZED_AUTOS = YES_AGGRESSIVE;
				GCC_WARN_UNUSED_FUNCTION = YES;
				GCC_WARN_UNUSED_VARIABLE = YES;
				IPHONEOS_DEPLOYMENT_TARGET = 12.2;
				MTL_ENABLE_DEBUG_INFO = NO;
				MTL_FAST_MATH = YES;
				SDKROOT = iphoneos;
				SWIFT_COMPILATION_MODE = wholemodule;
				SWIFT_OPTIMIZATION_LEVEL = "-O";
				VALIDATE_PRODUCT = YES;
			};
			name = Release;
		};
		CEB8E44C226B524F005B5E39 /* Debug */ = {
			isa = XCBuildConfiguration;
			buildSettings = {
				ASSETCATALOG_COMPILER_APPICON_NAME = AppIcon;
				CODE_SIGN_STYLE = Automatic;
				DEVELOPMENT_TEAM = A9YS5YC86D;
				INFOPLIST_FILE = appTouchIDFaceID/Info.plist;
				LD_RUNPATH_SEARCH_PATHS = (
					"$(inherited)",
					"@executable_path/Frameworks",
				);
				PRODUCT_BUNDLE_IDENTIFIER = com.desarrollo.appTouchIDFaceID;
				PRODUCT_NAME = "$(TARGET_NAME)";
				SWIFT_VERSION = 5.0;
				TARGETED_DEVICE_FAMILY = "1,2";
			};
			name = Debug;
		};
		CEB8E44D226B524F005B5E39 /* Release */ = {
			isa = XCBuildConfiguration;
			buildSettings = {
				ASSETCATALOG_COMPILER_APPICON_NAME = AppIcon;
				CODE_SIGN_STYLE = Automatic;
				DEVELOPMENT_TEAM = A9YS5YC86D;
				INFOPLIST_FILE = appTouchIDFaceID/Info.plist;
				LD_RUNPATH_SEARCH_PATHS = (
					"$(inherited)",
					"@executable_path/Frameworks",
				);
				PRODUCT_BUNDLE_IDENTIFIER = com.desarrollo.appTouchIDFaceID;
				PRODUCT_NAME = "$(TARGET_NAME)";
				SWIFT_VERSION = 5.0;
				TARGETED_DEVICE_FAMILY = "1,2";
			};
			name = Release;
		};
/* End XCBuildConfiguration section */

/* Begin XCConfigurationList section */
		CEB8E434226B524D005B5E39 /* Build configuration list for PBXProject "appTouchIDFaceID" */ = {
			isa = XCConfigurationList;
			buildConfigurations = (
				CEB8E449226B524F005B5E39 /* Debug */,
				CEB8E44A226B524F005B5E39 /* Release */,
			);
			defaultConfigurationIsVisible = 0;
			defaultConfigurationName = Release;
		};
		CEB8E44B226B524F005B5E39 /* Build configuration list for PBXNativeTarget "appTouchIDFaceID" */ = {
			isa = XCConfigurationList;
			buildConfigurations = (
				CEB8E44C226B524F005B5E39 /* Debug */,
				CEB8E44D226B524F005B5E39 /* Release */,
			);
			defaultConfigurationIsVisible = 0;
			defaultConfigurationName = Release;
		};
/* End XCConfigurationList section */
	};
	rootObject = CEB8E431226B524D005B5E39 /* Project object */;
}
