
Microsoft Visual Studio Solution File, Format Version 12.00
# Visual Studio 2012
Project("{FAE04EC0-301F-11D3-BF4B-00C04F79EFBC}") = "LoginApp", "LoginApp\LoginApp.csproj", "{0CE95411-7A03-4701-98F2-CA73BCC8D158}"
EndProject
Global
	GlobalSection(SolutionConfigurationPlatforms) = preSolution
		Debug|iPhoneSimulator = Debug|iPhoneSimulator
		Release|iPhone = Release|iPhone
		Release|iPhoneSimulator = Release|iPhoneSimulator
		Debug|iPhone = Debug|iPhone
	EndGlobalSection
	GlobalSection(ProjectConfigurationPlatforms) = postSolution
		{0CE95411-7A03-4701-98F2-CA73BCC8D158}.Debug|iPhoneSimulator.ActiveCfg = Debug|iPhoneSimulator
		{0CE95411-7A03-4701-98F2-CA73BCC8D158}.Debug|iPhoneSimulator.Build.0 = Debug|iPhoneSimulator
		{0CE95411-7A03-4701-98F2-CA73BCC8D158}.Release|iPhone.ActiveCfg = Release|iPhone
		{0CE95411-7A03-4701-98F2-CA73BCC8D158}.Release|iPhone.Build.0 = Release|iPhone
		{0CE95411-7A03-4701-98F2-CA73BCC8D158}.Release|iPhoneSimulator.ActiveCfg = Release|iPhoneSimulator
		{0CE95411-7A03-4701-98F2-CA73BCC8D158}.Release|iPhoneSimulator.Build.0 = Release|iPhoneSimulator
		{0CE95411-7A03-4701-98F2-CA73BCC8D158}.Debug|iPhone.ActiveCfg = Debug|iPhone
		{0CE95411-7A03-4701-98F2-CA73BCC8D158}.Debug|iPhone.Build.0 = Debug|iPhone
	EndGlobalSection
EndGlobal
