
Microsoft Visual Studio Solution File, Format Version 12.00
# Visual Studio 15
Project("{FAE04EC0-301F-11D3-BF4B-00C04F79EFBC}") = "App9", "App9\App9.csproj", "{2C2B72BB-867E-48AE-805A-8F530A699855}"
EndProject
Global
	GlobalSection(SolutionConfigurationPlatforms) = preSolution
		Debug|iPhoneSimulator = Debug|iPhoneSimulator
		Release|iPhone = Release|iPhone
		Release|iPhoneSimulator = Release|iPhoneSimulator
		Debug|iPhone = Debug|iPhone
	EndGlobalSection
	GlobalSection(ProjectConfigurationPlatforms) = postSolution
		{2C2B72BB-867E-48AE-805A-8F530A699855}.Debug|iPhoneSimulator.ActiveCfg = Debug|iPhoneSimulator
		{2C2B72BB-867E-48AE-805A-8F530A699855}.Debug|iPhoneSimulator.Build.0 = Debug|iPhoneSimulator
		{2C2B72BB-867E-48AE-805A-8F530A699855}.Release|iPhone.ActiveCfg = Release|iPhone
		{2C2B72BB-867E-48AE-805A-8F530A699855}.Release|iPhone.Build.0 = Release|iPhone
		{2C2B72BB-867E-48AE-805A-8F530A699855}.Release|iPhoneSimulator.ActiveCfg = Release|iPhoneSimulator
		{2C2B72BB-867E-48AE-805A-8F530A699855}.Release|iPhoneSimulator.Build.0 = Release|iPhoneSimulator
		{2C2B72BB-867E-48AE-805A-8F530A699855}.Debug|iPhone.ActiveCfg = Debug|iPhone
		{2C2B72BB-867E-48AE-805A-8F530A699855}.Debug|iPhone.Build.0 = Debug|iPhone
	EndGlobalSection
EndGlobal
